[[package]]
name = "audioread"
version = "3.0.1"
description = "Multi-library, cross-platform audio decoding."
category = "main"
optional = false
python-versions = ">=3.6"

[package.extras]
test = ["tox"]

[[package]]
name = "cachetools"
version = "5.3.1"
description = "Extensible memoizing collections and decorators"
category = "main"
optional = false
python-versions = ">=3.7"

[[package]]
name = "certifi"
version = "2023.7.22"
description = "Python package for providing Mozilla's CA Bundle."
category = "main"
optional = false
python-versions = ">=3.6"

[[package]]
name = "cffi"
version = "1.16.0"
description = "Foreign Function Interface for Python calling C code."
category = "main"
optional = false
python-versions = ">=3.8"

[package.dependencies]
pycparser = "*"

[[package]]
name = "charset-normalizer"
version = "3.2.0"
description = "The Real First Universal Charset Detector. Open, modern and actively maintained alternative to Chardet."
category = "main"
optional = false
python-versions = ">=3.7.0"

[[package]]
name = "cmake"
version = "3.27.7"
description = "CMake is an open-source, cross-platform family of tools designed to build, test and package software"
category = "main"
optional = false
python-versions = "*"

[package.extras]
test = ["coverage (>=4.2)", "flake8 (>=3.0.4)", "path.py (>=11.5.0)", "pytest (>=3.0.3)", "pytest-cov (>=2.4.0)", "pytest-runner (>=2.9)", "pytest-virtualenv (>=1.7.0)", "scikit-build (>=0.10.0)", "setuptools (>=28.0.0)", "virtualenv (>=15.0.3)", "wheel"]

[[package]]
name = "colorama"
version = "0.4.6"
description = "Cross-platform colored terminal text."
category = "main"
optional = false
python-versions = "!=3.0.*,!=3.1.*,!=3.2.*,!=3.3.*,!=3.4.*,!=3.5.*,!=3.6.*,>=2.7"

[[package]]
name = "decorator"
version = "5.1.1"
description = "Decorators for Humans"
category = "main"
optional = false
python-versions = ">=3.5"

[[package]]
name = "ffmpeg"
version = "1.4"
description = "ffmpeg python package url [https://github.com/jiashaokun/ffmpeg]"
category = "main"
optional = false
python-versions = "*"

[[package]]
name = "filelock"
version = "3.13.1"
description = "A platform independent file lock."
category = "main"
optional = false
python-versions = ">=3.8"

[package.extras]
docs = ["furo (>=2023.9.10)", "sphinx-autodoc-typehints (>=1.24)", "sphinx (>=7.2.6)"]
testing = ["covdefaults (>=2.3)", "coverage (>=7.3.2)", "diff-cover (>=8)", "pytest-cov (>=4.1)", "pytest-mock (>=3.12)", "pytest-timeout (>=2.2)", "pytest (>=7.4.3)"]
typing = ["typing-extensions (>=4.8)"]

[[package]]
name = "fsspec"
version = "2023.10.0"
description = "File-system specification"
category = "main"
optional = false
python-versions = ">=3.8"

[package.extras]
abfs = ["adlfs"]
adl = ["adlfs"]
arrow = ["pyarrow (>=1)"]
dask = ["dask", "distributed"]
devel = ["pytest", "pytest-cov"]
dropbox = ["dropboxdrivefs", "requests", "dropbox"]
full = ["adlfs", "aiohttp (!=4.0.0a0,!=4.0.0a1)", "dask", "distributed", "dropbox", "dropboxdrivefs", "fusepy", "gcsfs", "libarchive-c", "ocifs", "panel", "paramiko", "pyarrow (>=1)", "pygit2", "requests", "s3fs", "smbprotocol", "tqdm"]
fuse = ["fusepy"]
gcs = ["gcsfs"]
git = ["pygit2"]
github = ["requests"]
gs = ["gcsfs"]
gui = ["panel"]
hdfs = ["pyarrow (>=1)"]
http = ["requests", "aiohttp (!=4.0.0a0,!=4.0.0a1)"]
libarchive = ["libarchive-c"]
oci = ["ocifs"]
s3 = ["s3fs"]
sftp = ["paramiko"]
smb = ["smbprotocol"]
ssh = ["paramiko"]
tqdm = ["tqdm"]

[[package]]
name = "google-api-core"
version = "2.11.1"
description = "Google API client core library"
category = "main"
optional = false
python-versions = ">=3.7"

[package.dependencies]
google-auth = ">=2.14.1,<3.0.dev0"
googleapis-common-protos = ">=1.56.2,<2.0.dev0"
protobuf = ">=3.19.5,<3.20.0 || >3.20.0,<3.20.1 || >3.20.1,<4.21.0 || >4.21.0,<4.21.1 || >4.21.1,<4.21.2 || >4.21.2,<4.21.3 || >4.21.3,<4.21.4 || >4.21.4,<4.21.5 || >4.21.5,<5.0.0.dev0"
requests = ">=2.18.0,<3.0.0.dev0"

[package.extras]
grpc = ["grpcio (>=1.33.2,<2.0dev)", "grpcio-status (>=1.33.2,<2.0.dev0)", "grpcio (>=1.49.1,<2.0dev)", "grpcio-status (>=1.49.1,<2.0.dev0)"]
grpcgcp = ["grpcio-gcp (>=0.2.2,<1.0.dev0)"]
grpcio-gcp = ["grpcio-gcp (>=0.2.2,<1.0.dev0)"]

[[package]]
name = "google-api-python-client"
version = "2.99.0"
description = "Google API Client Library for Python"
category = "main"
optional = false
python-versions = ">=3.7"

[package.dependencies]
google-api-core = ">=1.31.5,<2.0.0 || >2.3.0,<3.0.0.dev0"
google-auth = ">=1.19.0,<3.0.0.dev0"
google-auth-httplib2 = ">=0.1.0"
httplib2 = ">=0.15.0,<1.dev0"
uritemplate = ">=3.0.1,<5"

[[package]]
name = "google-auth"
version = "2.23.0"
description = "Google Authentication Library"
category = "main"
optional = false
python-versions = ">=3.7"

[package.dependencies]
cachetools = ">=2.0.0,<6.0"
pyasn1-modules = ">=0.2.1"
rsa = ">=3.1.4,<5"
urllib3 = "<2.0"

[package.extras]
aiohttp = ["aiohttp (>=3.6.2,<4.0.0.dev0)", "requests (>=2.20.0,<3.0.0.dev0)"]
enterprise_cert = ["cryptography (==36.0.2)", "pyopenssl (==22.0.0)"]
pyopenssl = ["pyopenssl (>=20.0.0)", "cryptography (>=38.0.3)"]
reauth = ["pyu2f (>=0.1.5)"]
requests = ["requests (>=2.20.0,<3.0.0.dev0)"]

[[package]]
name = "google-auth-httplib2"
version = "0.1.1"
description = "Google Authentication Library: httplib2 transport"
category = "main"
optional = false
python-versions = "*"

[package.dependencies]
google-auth = "*"
httplib2 = ">=0.19.0"

[[package]]
name = "googleapis-common-protos"
version = "1.60.0"
description = "Common protobufs used in Google APIs"
category = "main"
optional = false
python-versions = ">=3.7"

[package.dependencies]
protobuf = ">=3.19.5,<3.20.0 || >3.20.0,<3.20.1 || >3.20.1,<4.21.1 || >4.21.1,<4.21.2 || >4.21.2,<4.21.3 || >4.21.3,<4.21.4 || >4.21.4,<4.21.5 || >4.21.5,<5.0.0.dev0"

[package.extras]
grpc = ["grpcio (>=1.44.0,<2.0.0.dev0)"]

[[package]]
name = "httplib2"
version = "0.22.0"
description = "A comprehensive HTTP client library."
category = "main"
optional = false
python-versions = ">=2.7, !=3.0.*, !=3.1.*, !=3.2.*, !=3.3.*"

[package.dependencies]
pyparsing = {version = ">=2.4.2,<3.0.0 || >3.0.0,<3.0.1 || >3.0.1,<3.0.2 || >3.0.2,<3.0.3 || >3.0.3,<4", markers = "python_version > \"3.0\""}

[[package]]
name = "idna"
version = "3.4"
description = "Internationalized Domain Names in Applications (IDNA)"
category = "main"
optional = false
python-versions = ">=3.5"

[[package]]
name = "jinja2"
version = "3.1.2"
description = "A very fast and expressive template engine."
category = "main"
optional = false
python-versions = ">=3.7"

[package.dependencies]
MarkupSafe = ">=2.0"

[package.extras]
i18n = ["Babel (>=2.7)"]

[[package]]
name = "joblib"
version = "1.3.2"
description = "Lightweight pipelining with Python functions"
category = "main"
optional = false
python-versions = ">=3.7"

[[package]]
name = "lazy-loader"
version = "0.3"
description = "lazy_loader"
category = "main"
optional = false
python-versions = ">=3.7"

[package.extras]
lint = ["pre-commit (>=3.3)"]
test = ["pytest (>=7.4)", "pytest-cov (>=4.1)"]

[[package]]
name = "librosa"
version = "0.10.1"
description = "Python module for audio and music processing"
category = "main"
optional = false
python-versions = ">=3.7"

[package.dependencies]
audioread = ">=2.1.9"
decorator = ">=4.3.0"
joblib = ">=0.14"
lazy-loader = ">=0.1"
msgpack = ">=1.0"
numba = ">=0.51.0"
numpy = ">=1.20.3,<1.22.0 || >1.22.0,<1.22.1 || >1.22.1,<1.22.2 || >1.22.2"
pooch = ">=1.0"
scikit-learn = ">=0.20.0"
scipy = ">=1.2.0"
soundfile = ">=0.12.1"
soxr = ">=0.3.2"
typing-extensions = ">=4.1.1"

[package.extras]
display = ["matplotlib (>=3.3.0)"]
docs = ["numpydoc", "sphinx (!=1.3.1)", "sphinx-rtd-theme (>=1.2.0)", "numba (>=0.51)", "matplotlib (>=3.3.0)", "sphinx-multiversion (>=0.2.3)", "sphinx-gallery (>=0.7)", "mir-eval (>=0.5)", "ipython (>=7.0)", "sphinxcontrib-svg2pdfconverter", "presets"]
tests = ["matplotlib (>=3.3.0)", "packaging (>=20.0)", "pytest-mpl", "pytest-cov", "pytest", "samplerate", "resampy (>=0.2.2)", "types-decorator"]

[[package]]
name = "lit"
version = "17.0.4"
description = "A Software Testing Tool"
category = "main"
optional = false
python-versions = "*"

[[package]]
name = "llvmlite"
version = "0.41.1"
description = "lightweight wrapper around basic LLVM functionality"
category = "main"
optional = false
python-versions = ">=3.8"

[[package]]
name = "markupsafe"
version = "2.1.3"
description = "Safely add untrusted strings to HTML/XML markup."
category = "main"
optional = false
python-versions = ">=3.7"

[[package]]
name = "more-itertools"
version = "10.1.0"
description = "More routines for operating on iterables, beyond itertools"
category = "main"
optional = false
python-versions = ">=3.8"

[[package]]
name = "mpmath"
version = "1.3.0"
description = "Python library for arbitrary-precision floating-point arithmetic"
category = "main"
optional = false
python-versions = "*"

[package.extras]
develop = ["pytest (>=4.6)", "pycodestyle", "pytest-cov", "codecov", "wheel"]
docs = ["sphinx"]
gmpy = ["gmpy2 (>=2.1.0a4)"]
tests = ["pytest (>=4.6)"]

[[package]]
name = "msgpack"
version = "1.0.7"
description = "MessagePack serializer"
category = "main"
optional = false
python-versions = ">=3.8"

[[package]]
name = "networkx"
version = "3.2.1"
description = "Python package for creating and manipulating graphs and networks"
category = "main"
optional = false
python-versions = ">=3.9"

[package.extras]
default = ["numpy (>=1.22)", "scipy (>=1.9,!=1.11.0,!=1.11.1)", "matplotlib (>=3.5)", "pandas (>=1.4)"]
developer = ["changelist (==0.4)", "pre-commit (>=3.2)", "mypy (>=1.1)", "rtoml"]
doc = ["sphinx (>=7)", "pydata-sphinx-theme (>=0.14)", "sphinx-gallery (>=0.14)", "numpydoc (>=1.6)", "pillow (>=9.4)", "nb2plots (>=0.7)", "texext (>=0.6.7)", "nbconvert (<7.9)"]
extra = ["lxml (>=4.6)", "pygraphviz (>=1.11)", "pydot (>=1.4.2)", "sympy (>=1.10)"]
test = ["pytest (>=7.2)", "pytest-cov (>=4.0)"]

[[package]]
name = "numba"
version = "0.58.1"
description = "compiling Python code using LLVM"
category = "main"
optional = false
python-versions = ">=3.8"

[package.dependencies]
llvmlite = ">=0.41.0dev0,<0.42"
numpy = ">=1.22,<1.27"

[[package]]
name = "numpy"
version = "1.25.2"
description = "Fundamental package for array computing in Python"
category = "main"
optional = false
python-versions = ">=3.9"

[[package]]
name = "openai-whisper"
version = "20230918"
description = "Robust Speech Recognition via Large-Scale Weak Supervision"
category = "main"
optional = false
python-versions = ">=3.8"

[package.dependencies]
more-itertools = "*"
numba = "*"
numpy = "*"
tiktoken = "0.3.3"
torch = "*"
tqdm = "*"
triton = "2.0.0"

[package.extras]
dev = ["pytest", "scipy", "black", "flake8", "isort"]

[[package]]
name = "packaging"
version = "23.1"
description = "Core utilities for Python packages"
category = "main"
optional = false
python-versions = ">=3.7"

[[package]]
name = "platformdirs"
version = "3.11.0"
description = "A small Python package for determining appropriate platform-specific dirs, e.g. a \"user data dir\"."
category = "main"
optional = false
python-versions = ">=3.7"

[package.extras]
docs = ["furo (>=2023.7.26)", "proselint (>=0.13)", "sphinx-autodoc-typehints (>=1.24)", "sphinx (>=7.1.1)"]
test = ["appdirs (==1.4.4)", "covdefaults (>=2.3)", "pytest-cov (>=4.1)", "pytest-mock (>=3.11.1)", "pytest (>=7.4)"]

[[package]]
name = "plotly"
version = "5.17.0"
description = "An open-source, interactive data visualization library for Python"
category = "main"
optional = false
python-versions = ">=3.6"

[package.dependencies]
packaging = "*"
tenacity = ">=6.2.0"

[[package]]
name = "pooch"
version = "1.8.0"
description = "\"Pooch manages your Python library's sample data files: it automatically downloads and stores them in a local directory, with support for versioning and corruption checks.\""
category = "main"
optional = false
python-versions = ">=3.7"

[package.dependencies]
packaging = ">=20.0"
platformdirs = ">=2.5.0"
requests = ">=2.19.0"

[package.extras]
progress = ["tqdm (>=4.41.0,<5.0.0)"]
sftp = ["paramiko (>=2.7.0)"]
xxhash = ["xxhash (>=1.4.3)"]

[[package]]
name = "protobuf"
version = "4.24.3"
description = ""
category = "main"
optional = false
python-versions = ">=3.7"

[[package]]
name = "pyasn1"
version = "0.5.0"
description = "Pure-Python implementation of ASN.1 types and DER/BER/CER codecs (X.208)"
category = "main"
optional = false
python-versions = "!=3.0.*,!=3.1.*,!=3.2.*,!=3.3.*,!=3.4.*,!=3.5.*,>=2.7"

[[package]]
name = "pyasn1-modules"
version = "0.3.0"
description = "A collection of ASN.1-based protocols modules"
category = "main"
optional = false
python-versions = "!=3.0.*,!=3.1.*,!=3.2.*,!=3.3.*,!=3.4.*,!=3.5.*,>=2.7"

[package.dependencies]
pyasn1 = ">=0.4.6,<0.6.0"

[[package]]
name = "pycparser"
version = "2.21"
description = "C parser in Python"
category = "main"
optional = false
python-versions = ">=2.7, !=3.0.*, !=3.1.*, !=3.2.*, !=3.3.*"

[[package]]
name = "pydub"
version = "0.25.1"
description = "Manipulate audio with an simple and easy high level interface"
category = "main"
optional = false
python-versions = "*"

[[package]]
name = "pyparsing"
version = "3.1.1"
description = "pyparsing module - Classes and methods to define and execute parsing grammars"
category = "main"
optional = false
python-versions = ">=3.6.8"

[package.extras]
diagrams = ["railroad-diagrams", "jinja2"]

[[package]]
name = "pytube"
version = "15.0.0"
description = "Python 3 library for downloading YouTube Videos."
category = "main"
optional = false
python-versions = ">=3.7"

[[package]]
name = "regex"
version = "2023.10.3"
description = "Alternative regular expression module, to replace re."
category = "main"
optional = false
python-versions = ">=3.7"

[[package]]
name = "requests"
version = "2.31.0"
description = "Python HTTP for Humans."
category = "main"
optional = false
python-versions = ">=3.7"

[package.dependencies]
certifi = ">=2017.4.17"
charset-normalizer = ">=2,<4"
idna = ">=2.5,<4"
urllib3 = ">=1.21.1,<3"

[package.extras]
socks = ["PySocks (>=1.5.6,!=1.5.7)"]
use_chardet_on_py3 = ["chardet (>=3.0.2,<6)"]

[[package]]
name = "rsa"
version = "4.9"
description = "Pure-Python RSA implementation"
category = "main"
optional = false
python-versions = ">=3.6,<4"

[package.dependencies]
pyasn1 = ">=0.1.3"

[[package]]
name = "scikit-learn"
version = "1.3.2"
description = "A set of python modules for machine learning and data mining"
category = "main"
optional = false
python-versions = ">=3.8"

[package.dependencies]
joblib = ">=1.1.1"
numpy = ">=1.17.3,<2.0"
scipy = ">=1.5.0"
threadpoolctl = ">=2.0.0"

[package.extras]
benchmark = ["matplotlib (>=3.1.3)", "pandas (>=1.0.5)", "memory-profiler (>=0.57.0)"]
docs = ["matplotlib (>=3.1.3)", "scikit-image (>=0.16.2)", "pandas (>=1.0.5)", "seaborn (>=0.9.0)", "memory-profiler (>=0.57.0)", "sphinx (>=6.0.0)", "sphinx-copybutton (>=0.5.2)", "sphinx-gallery (>=0.10.1)", "numpydoc (>=1.2.0)", "Pillow (>=7.1.2)", "pooch (>=1.6.0)", "sphinx-prompt (>=1.3.0)", "sphinxext-opengraph (>=0.4.2)", "plotly (>=5.14.0)"]
examples = ["matplotlib (>=3.1.3)", "scikit-image (>=0.16.2)", "pandas (>=1.0.5)", "seaborn (>=0.9.0)", "pooch (>=1.6.0)", "plotly (>=5.14.0)"]
tests = ["matplotlib (>=3.1.3)", "scikit-image (>=0.16.2)", "pandas (>=1.0.5)", "pytest (>=7.1.2)", "pytest-cov (>=2.9.0)", "ruff (>=0.0.272)", "black (>=23.3.0)", "mypy (>=1.3)", "pyamg (>=4.0.0)", "numpydoc (>=1.2.0)", "pooch (>=1.6.0)"]

[[package]]
name = "scipy"
version = "1.9.3"
description = "Fundamental algorithms for scientific computing in Python"
category = "main"
optional = false
python-versions = ">=3.8"

[package.dependencies]
numpy = ">=1.18.5,<1.26.0"

[package.extras]
test = ["pytest", "pytest-cov", "pytest-xdist", "asv", "mpmath", "gmpy2", "threadpoolctl", "scikit-umfpack"]
doc = ["sphinx (!=4.1.0)", "pydata-sphinx-theme (==0.9.0)", "sphinx-panels (>=0.5.2)", "matplotlib (>2)", "numpydoc", "sphinx-tabs"]
dev = ["mypy", "typing-extensions", "pycodestyle", "flake8"]

[[package]]
name = "soundfile"
version = "0.12.1"
description = "An audio library based on libsndfile, CFFI and NumPy"
category = "main"
optional = false
python-versions = "*"

[package.dependencies]
cffi = ">=1.0"

[package.extras]
numpy = ["numpy"]

[[package]]
name = "soxr"
version = "0.3.7"
description = "High quality, one-dimensional sample-rate conversion library"
category = "main"
optional = false
python-versions = ">=3.6"

[package.dependencies]
numpy = "*"

[package.extras]
docs = ["sphinx", "sphinx-book-theme", "myst-parser", "linkify-it-py"]
test = ["pytest"]

[[package]]
name = "sympy"
version = "1.12"
description = "Computer algebra system (CAS) in Python"
category = "main"
optional = false
python-versions = ">=3.8"

[package.dependencies]
mpmath = ">=0.19"

[[package]]
name = "tenacity"
version = "8.2.3"
description = "Retry code until it succeeds"
category = "main"
optional = false
python-versions = ">=3.7"

[package.extras]
doc = ["reno", "sphinx", "tornado (>=4.5)"]

[[package]]
name = "threadpoolctl"
version = "3.2.0"
description = "threadpoolctl"
category = "main"
optional = false
python-versions = ">=3.8"

[[package]]
name = "tiktoken"
version = "0.3.3"
description = "tiktoken is a fast BPE tokeniser for use with OpenAI's models"
category = "main"
optional = false
python-versions = ">=3.8"

[package.dependencies]
regex = ">=2022.1.18"
requests = ">=2.26.0"

[package.extras]
blobfile = ["blobfile (>=2)"]

[[package]]
name = "torch"
version = "2.1.0"
description = "Tensors and Dynamic neural networks in Python with strong GPU acceleration"
category = "main"
optional = false
python-versions = ">=3.8.0"

[package.dependencies]
filelock = "*"
fsspec = "*"
jinja2 = "*"
networkx = "*"
sympy = "*"
typing-extensions = "*"

[package.extras]
opt-einsum = ["opt-einsum (>=3.3)"]

[[package]]
name = "tqdm"
version = "4.66.1"
description = "Fast, Extensible Progress Meter"
category = "main"
optional = false
python-versions = ">=3.7"

[package.dependencies]
colorama = {version = "*", markers = "platform_system == \"Windows\""}

[package.extras]
dev = ["pytest (>=6)", "pytest-cov", "pytest-timeout", "pytest-xdist"]
notebook = ["ipywidgets (>=6)"]
slack = ["slack-sdk"]
telegram = ["requests"]

[[package]]
name = "triton"
version = "2.0.0"
description = "A language and compiler for custom Deep Learning operations"
category = "main"
optional = false
python-versions = "*"

[package.dependencies]
cmake = "*"
filelock = "*"
lit = "*"
torch = "*"

[package.extras]
tests = ["autopep8", "flake8", "isort", "numpy", "pytest", "scipy (>=1.7.1)"]
tutorials = ["matplotlib", "pandas", "tabulate"]

[[package]]
name = "typing-extensions"
version = "4.8.0"
description = "Backported and Experimental Type Hints for Python 3.8+"
category = "main"
optional = false
python-versions = ">=3.8"

[[package]]
name = "uritemplate"
version = "4.1.1"
description = "Implementation of RFC 6570 URI Templates"
category = "main"
optional = false
python-versions = ">=3.6"

[[package]]
name = "urllib3"
version = "1.26.16"
description = "HTTP library with thread-safe connection pooling, file post, and more."
category = "main"
optional = false
python-versions = ">=2.7, !=3.0.*, !=3.1.*, !=3.2.*, !=3.3.*, !=3.4.*, !=3.5.*"

[package.extras]
brotli = ["brotlicffi (>=0.8.0)", "brotli (>=1.0.9)", "brotlipy (>=0.6.0)"]
secure = ["pyOpenSSL (>=0.14)", "cryptography (>=1.3.4)", "idna (>=2.0.0)", "certifi", "urllib3-secure-extra", "ipaddress"]
socks = ["PySocks (>=1.5.6,!=1.5.7,<2.0)"]

[[package]]
name = "youtube-transcript-api"
version = "0.6.1"
description = "This is an python API which allows you to get the transcripts/subtitles for a given YouTube video. It also works for automatically generated subtitles, supports translating subtitles and it does not require a headless browser, like other selenium based solutions do!"
category = "main"
optional = false
python-versions = "*"

[package.dependencies]
requests = "*"

[metadata]
lock-version = "1.1"
python-versions = "^3.10"
content-hash = "82598a7566c4677c91e40a3347f9f22f0bbda540c67420b1c81b9aa12cd39834"

[metadata.files]
audioread = []
cachetools = []
certifi = []
cffi = []
charset-normalizer = []
cmake = []
colorama = []
decorator = []
ffmpeg = []
filelock = []
fsspec = []
google-api-core = []
google-api-python-client = []
google-auth = []
google-auth-httplib2 = []
googleapis-common-protos = []
httplib2 = []
idna = []
jinja2 = []
joblib = []
lazy-loader = []
librosa = []
lit = []
llvmlite = []
markupsafe = []
more-itertools = []
mpmath = []
msgpack = []
networkx = []
numba = []
numpy = []
openai-whisper = []
packaging = []
platformdirs = []
plotly = []
pooch = []
protobuf = []
pyasn1 = []
pyasn1-modules = []
pycparser = []
pydub = []
pyparsing = []
pytube = []
regex = []
requests = []
rsa = []
scikit-learn = []
scipy = []
soundfile = []
soxr = []
sympy = []
tenacity = []
threadpoolctl = []
tiktoken = []
torch = []
tqdm = []
triton = []
typing-extensions = []
uritemplate = []
urllib3 = []
youtube-transcript-api = []
